
Microsoft Visual Studio Solution File, Format Version 12.00
# Visual Studio 15
Project("{FAE04EC0-301F-11D3-BF4B-00C04F79EFBC}") = "Assembly-CSharp", "Assembly-CSharp.csproj", "{B1690C98-EC3B-4C72-9EFB-30C69DB92CEC}"
EndProject
Project("{FAE04EC0-301F-11D3-BF4B-00C04F79EFBC}") = "Assembly-CSharp-Editor", "Assembly-CSharp-Editor.csproj", "{35FDA62E-53B8-3CD3-1263-7223FD0D54A7}"
EndProject
Project("{FAE04EC0-301F-11D3-BF4B-00C04F79EFBC}") = "Assembly-CSharp", "Assembly-CSharp.Player.csproj", "{2B05B590-2366-8D36-F832-04F0367F788A}"
EndProject
Project("{2150E333-8FDC-42A3-9474-1A3956D46DE8}") = "Solution Items", "Solution Items", "{AEB895CF-D349-42C4-8A9C-285EC44DF6A3}"
	ProjectSection(SolutionItems) = preProject
		.editorconfig = .editorconfig
	EndProjectSection
EndProject
Global
	GlobalSection(SolutionConfigurationPlatforms) = preSolution
		Debug|Any CPU = Debug|Any CPU
		Release|Any CPU = Release|Any CPU
	EndGlobalSection
	GlobalSection(ProjectConfigurationPlatforms) = postSolution
		{B1690C98-EC3B-4C72-9EFB-30C69DB92CEC}.Debug|Any CPU.ActiveCfg = Debug|Any CPU
		{B1690C98-EC3B-4C72-9EFB-30C69DB92CEC}.Debug|Any CPU.Build.0 = Debug|Any CPU
		{B1690C98-EC3B-4C72-9EFB-30C69DB92CEC}.Release|Any CPU.ActiveCfg = Release|Any CPU
		{B1690C98-EC3B-4C72-9EFB-30C69DB92CEC}.Release|Any CPU.Build.0 = Release|Any CPU
		{35FDA62E-53B8-3CD3-1263-7223FD0D54A7}.Debug|Any CPU.ActiveCfg = Debug|Any CPU
		{35FDA62E-53B8-3CD3-1263-7223FD0D54A7}.Debug|Any CPU.Build.0 = Debug|Any CPU
		{35FDA62E-53B8-3CD3-1263-7223FD0D54A7}.Release|Any CPU.ActiveCfg = Release|Any CPU
		{35FDA62E-53B8-3CD3-1263-7223FD0D54A7}.Release|Any CPU.Build.0 = Release|Any CPU
		{2B05B590-2366-8D36-F832-04F0367F788A}.Debug|Any CPU.ActiveCfg = Debug|Any CPU
		{2B05B590-2366-8D36-F832-04F0367F788A}.Debug|Any CPU.Build.0 = Debug|Any CPU
		{2B05B590-2366-8D36-F832-04F0367F788A}.Release|Any CPU.ActiveCfg = Release|Any CPU
		{2B05B590-2366-8D36-F832-04F0367F788A}.Release|Any CPU.Build.0 = Release|Any CPU
	EndGlobalSection
	GlobalSection(SolutionProperties) = preSolution
		HideSolutionNode = FALSE
	EndGlobalSection
EndGlobal
